version = 1
revision = 3
requires-python = ">=3.13"

[[package]]
name = "arpeggio"
version = "2.0.2"
source = { registry = "https://pypi.org/simple" }
sdist = { url = "https://files.pythonhosted.org/packages/12/c4/516bb54456f85ad1947702ea4cef543a59de66d31a9887dbc3d9df36e3e1/Arpeggio-2.0.2.tar.gz", hash = "sha256:c790b2b06e226d2dd468e4fbfb5b7f506cec66416031fde1441cf1de2a0ba700", size = 766643, upload-time = "2023-07-09T12:30:04.737Z" }
wheels = [
    { url = "https://files.pythonhosted.org/packages/f7/4f/d28bf30a19d4649b40b501d531b44e73afada99044df100380fd9567e92f/Arpeggio-2.0.2-py2.py3-none-any.whl", hash = "sha256:f7c8ae4f4056a89e020c24c7202ac8df3e2bc84e416746f20b0da35bb1de0250", size = 55287, upload-time = "2023-07-09T12:30:01.87Z" },
]

[[package]]
name = "attrs"
version = "25.3.0"
source = { registry = "https://pypi.org/simple" }
sdist = { url = "https://files.pythonhosted.org/packages/5a/b0/1367933a8532ee6ff8d63537de4f1177af4bff9f3e829baf7331f595bb24/attrs-25.3.0.tar.gz", hash = "sha256:75d7cefc7fb576747b2c81b4442d4d4a1ce0900973527c011d1030fd3bf4af1b", size = 812032, upload-time = "2025-03-13T11:10:22.779Z" }
wheels = [
    { url = "https://files.pythonhosted.org/packages/77/06/bb80f5f86020c4551da315d78b3ab75e8228f89f0162f2c3a819e407941a/attrs-25.3.0-py3-none-any.whl", hash = "sha256:427318ce031701fea540783410126f03899a97ffc6f61596ad581ac2e40e3bc3", size = 63815, upload-time = "2025-03-13T11:10:21.14Z" },
]

[[package]]
name = "debugpy"
version = "1.8.15"
source = { registry = "https://pypi.org/simple" }
sdist = { url = "https://files.pythonhosted.org/packages/8c/8b/3a9a28ddb750a76eaec445c7f4d3147ea2c579a97dbd9e25d39001b92b21/debugpy-1.8.15.tar.gz", hash = "sha256:58d7a20b7773ab5ee6bdfb2e6cf622fdf1e40c9d5aef2857d85391526719ac00", size = 1643279, upload-time = "2025-07-15T16:43:29.135Z" }
wheels = [
    { url = "https://files.pythonhosted.org/packages/28/70/2928aad2310726d5920b18ed9f54b9f06df5aa4c10cf9b45fa18ff0ab7e8/debugpy-1.8.15-cp313-cp313-macosx_14_0_universal2.whl", hash = "sha256:f5e01291ad7d6649aed5773256c5bba7a1a556196300232de1474c3c372592bf", size = 2495538, upload-time = "2025-07-15T16:43:48.927Z" },
    { url = "https://files.pythonhosted.org/packages/9e/c6/9b8ffb4ca91fac8b2877eef63c9cc0e87dd2570b1120054c272815ec4cd0/debugpy-1.8.15-cp313-cp313-manylinux_2_5_x86_64.manylinux1_x86_64.manylinux_2_17_x86_64.manylinux2014_x86_64.whl", hash = "sha256:94dc0f0d00e528d915e0ce1c78e771475b2335b376c49afcc7382ee0b146bab6", size = 4221874, upload-time = "2025-07-15T16:43:50.282Z" },
    { url = "https://files.pythonhosted.org/packages/55/8a/9b8d59674b4bf489318c7c46a1aab58e606e583651438084b7e029bf3c43/debugpy-1.8.15-cp313-cp313-win32.whl", hash = "sha256:fcf0748d4f6e25f89dc5e013d1129ca6f26ad4da405e0723a4f704583896a709", size = 5275949, upload-time = "2025-07-15T16:43:52.079Z" },
    { url = "https://files.pythonhosted.org/packages/72/83/9e58e6fdfa8710a5e6ec06c2401241b9ad48b71c0a7eb99570a1f1edb1d3/debugpy-1.8.15-cp313-cp313-win_amd64.whl", hash = "sha256:73c943776cb83e36baf95e8f7f8da765896fd94b05991e7bc162456d25500683", size = 5317720, upload-time = "2025-07-15T16:43:53.703Z" },
    { url = "https://files.pythonhosted.org/packages/07/d5/98748d9860e767a1248b5e31ffa7ce8cb7006e97bf8abbf3d891d0a8ba4e/debugpy-1.8.15-py2.py3-none-any.whl", hash = "sha256:bce2e6c5ff4f2e00b98d45e7e01a49c7b489ff6df5f12d881c67d2f1ac635f3d", size = 5282697, upload-time = "2025-07-15T16:44:07.996Z" },
]

[[package]]
name = "dill"
version = "0.4.0"
source = { registry = "https://pypi.org/simple" }
sdist = { url = "https://files.pythonhosted.org/packages/12/80/630b4b88364e9a8c8c5797f4602d0f76ef820909ee32f0bacb9f90654042/dill-0.4.0.tar.gz", hash = "sha256:0633f1d2df477324f53a895b02c901fb961bdbf65a17122586ea7019292cbcf0", size = 186976, upload-time = "2025-04-16T00:41:48.867Z" }
wheels = [
    { url = "https://files.pythonhosted.org/packages/50/3d/9373ad9c56321fdab5b41197068e1d8c25883b3fea29dd361f9b55116869/dill-0.4.0-py3-none-any.whl", hash = "sha256:44f54bf6412c2c8464c14e8243eb163690a9800dbe2c367330883b19c7561049", size = 119668, upload-time = "2025-04-16T00:41:47.671Z" },
]

[[package]]
name = "dirhash"
version = "0.5.0"
source = { registry = "https://pypi.org/simple" }
dependencies = [
    { name = "scantree" },
]
sdist = { url = "https://files.pythonhosted.org/packages/1d/70/49f93897f3a4f7ab5f20a854ebc91aad47854e9fb2cd169e3a4452fa3f5e/dirhash-0.5.0.tar.gz", hash = "sha256:e60760f0ab2e935d8cb088923ea2c6492398dca42cec785df778985fd4cd5386", size = 21377, upload-time = "2024-08-03T22:14:13.322Z" }
wheels = [
    { url = "https://files.pythonhosted.org/packages/5e/1f/c8bf92552b7f0a13b9f12b85e3de8df6d9814240e0f8ce8f37433df028b3/dirhash-0.5.0-py3-none-any.whl", hash = "sha256:523dfd6b058c64f45b31604376926c6e2bd2ea301d0df23095d4055674e38b09", size = 13119, upload-time = "2024-08-03T22:14:11.688Z" },
]

[[package]]
name = "grpcio"
version = "1.66.2"
source = { registry = "https://pypi.org/simple" }
sdist = { url = "https://files.pythonhosted.org/packages/71/d1/49a96df4eb1d805cf546247df40636515416d2d5c66665e5129c8b4162a8/grpcio-1.66.2.tar.gz", hash = "sha256:563588c587b75c34b928bc428548e5b00ea38c46972181a4d8b75ba7e3f24231", size = 12489713, upload-time = "2024-09-28T12:44:01.429Z" }
wheels = [
    { url = "https://files.pythonhosted.org/packages/72/31/8708a8dfb3f1ac89926c27c5dd17412764157a2959dbc5a606eaf8ac71f6/grpcio-1.66.2-cp313-cp313-linux_armv7l.whl", hash = "sha256:3b00efc473b20d8bf83e0e1ae661b98951ca56111feb9b9611df8efc4fe5d55d", size = 5004245, upload-time = "2024-09-28T12:38:50.596Z" },
    { url = "https://files.pythonhosted.org/packages/8b/37/0b57c3769efb3cc9ec97fcaa9f7243046660e7ed58c0faebc4ef315df92c/grpcio-1.66.2-cp313-cp313-macosx_10_13_universal2.whl", hash = "sha256:1caa38fb22a8578ab8393da99d4b8641e3a80abc8fd52646f1ecc92bcb8dee34", size = 10756749, upload-time = "2024-09-28T12:38:54.131Z" },
    { url = "https://files.pythonhosted.org/packages/bf/5a/425e995724a19a1b110340ed653bc7c5de8019d9fc84b3798a0f79c3eb31/grpcio-1.66.2-cp313-cp313-manylinux_2_17_aarch64.whl", hash = "sha256:c408f5ef75cfffa113cacd8b0c0e3611cbfd47701ca3cdc090594109b9fcbaed", size = 5499666, upload-time = "2024-09-28T12:38:57.145Z" },
    { url = "https://files.pythonhosted.org/packages/2e/e4/86a5c5ec40a6b683671a1d044ebca433812d99da8fcfc2889e9c43cecbd4/grpcio-1.66.2-cp313-cp313-manylinux_2_17_i686.manylinux2014_i686.whl", hash = "sha256:c806852deaedee9ce8280fe98955c9103f62912a5b2d5ee7e3eaa284a6d8d8e7", size = 6109578, upload-time = "2024-09-28T12:38:59.835Z" },
    { url = "https://files.pythonhosted.org/packages/2f/86/a86742f3deaa22385c3bff984c5947fc62d47d3fab26c508730037d027e5/grpcio-1.66.2-cp313-cp313-manylinux_2_17_x86_64.manylinux2014_x86_64.whl", hash = "sha256:f145cc21836c332c67baa6fc81099d1d27e266401565bf481948010d6ea32d46", size = 5763274, upload-time = "2024-09-28T12:39:02.287Z" },
    { url = "https://files.pythonhosted.org/packages/c3/61/b9a2a4345dea0a354c4ed8ac7aacbdd0ff986acbc8f92680213cf3d2faa3/grpcio-1.66.2-cp313-cp313-musllinux_1_1_i686.whl", hash = "sha256:73e3b425c1e155730273f73e419de3074aa5c5e936771ee0e4af0814631fb30a", size = 6450416, upload-time = "2024-09-28T12:39:05.06Z" },
    { url = "https://files.pythonhosted.org/packages/50/b9/ad303ce75d8cd71d855a661519aa160ce42f27498f589f1ae6d9f8c5e8ac/grpcio-1.66.2-cp313-cp313-musllinux_1_1_x86_64.whl", hash = "sha256:9c509a4f78114cbc5f0740eb3d7a74985fd2eff022971bc9bc31f8bc93e66a3b", size = 6040045, upload-time = "2024-09-28T12:39:08.214Z" },
    { url = "https://files.pythonhosted.org/packages/ac/b3/8db1873e3240ef1672ba87b89e949ece367089e29e4d221377bfdd288bd3/grpcio-1.66.2-cp313-cp313-win32.whl", hash = "sha256:20657d6b8cfed7db5e11b62ff7dfe2e12064ea78e93f1434d61888834bc86d75", size = 3537126, upload-time = "2024-09-28T12:39:10.655Z" },
    { url = "https://files.pythonhosted.org/packages/a2/df/133216989fe7e17caeafd7ff5b17cc82c4e722025d0b8d5d2290c11fe2e6/grpcio-1.66.2-cp313-cp313-win_amd64.whl", hash = "sha256:fb70487c95786e345af5e854ffec8cb8cc781bcc5df7930c4fbb7feaa72e1cdf", size = 4278018, upload-time = "2024-09-28T12:39:13.196Z" },
]

[[package]]
name = "infrastructure"
version = "0.1.0"
source = { virtual = "." }
dependencies = [
    { name = "dirhash" },
    { name = "pulumi" },
    { name = "pulumi-command" },
    { name = "pulumi-docker" },
    { name = "pulumi-gcp" },
]

[package.dev-dependencies]
dev = [
    { name = "pyright" },
    { name = "ruff" },
]

[package.metadata]
requires-dist = [
    { name = "dirhash", specifier = ">=0.5.0" },
    { name = "pulumi", specifier = ">=3.186.0" },
    { name = "pulumi-command", specifier = ">=1.1.0" },
    { name = "pulumi-docker", specifier = ">=4.8.0" },
    { name = "pulumi-gcp", specifier = ">=8.39.0" },
]

[package.metadata.requires-dev]
dev = [
    { name = "pyright", specifier = ">=1.1.404" },
    { name = "ruff", specifier = ">=0.12.7" },
]

[[package]]
name = "nodeenv"
version = "1.9.1"
source = { registry = "https://pypi.org/simple" }
sdist = { url = "https://files.pythonhosted.org/packages/43/16/fc88b08840de0e0a72a2f9d8c6bae36be573e475a6326ae854bcc549fc45/nodeenv-1.9.1.tar.gz", hash = "sha256:6ec12890a2dab7946721edbfbcd91f3319c6ccc9aec47be7c7e6b7011ee6645f", size = 47437, upload-time = "2024-06-04T18:44:11.171Z" }
wheels = [
    { url = "https://files.pythonhosted.org/packages/d2/1d/1b658dbd2b9fa9c4c9f32accbfc0205d532c8c6194dc0f2a4c0428e7128a/nodeenv-1.9.1-py2.py3-none-any.whl", hash = "sha256:ba11c9782d29c27c70ffbdda2d7415098754709be8a7056d79a737cd901155c9", size = 22314, upload-time = "2024-06-04T18:44:08.352Z" },
]

[[package]]
name = "parver"
version = "0.5"
source = { registry = "https://pypi.org/simple" }
dependencies = [
    { name = "arpeggio" },
    { name = "attrs" },
]
sdist = { url = "https://files.pythonhosted.org/packages/cc/e5/1c774688a90f0b76e872e30f6f1ba3f5e14056cd0d96a684047d4a986226/parver-0.5.tar.gz", hash = "sha256:b9fde1e6bb9ce9f07e08e9c4bea8d8825c5e78e18a0052d02e02bf9517eb4777", size = 26908, upload-time = "2023-10-03T21:06:54.506Z" }
wheels = [
    { url = "https://files.pythonhosted.org/packages/0f/4c/f98024021bef4d44dce3613feebd702c7ad8883f777ff8488384c59e9774/parver-0.5-py3-none-any.whl", hash = "sha256:2281b187276c8e8e3c15634f62287b2fb6fe0efe3010f739a6bd1e45fa2bf2b2", size = 15172, upload-time = "2023-10-03T21:06:52.796Z" },
]

[[package]]
name = "pathspec"
version = "0.12.1"
source = { registry = "https://pypi.org/simple" }
sdist = { url = "https://files.pythonhosted.org/packages/ca/bc/f35b8446f4531a7cb215605d100cd88b7ac6f44ab3fc94870c120ab3adbf/pathspec-0.12.1.tar.gz", hash = "sha256:a482d51503a1ab33b1c67a6c3813a26953dbdc71c31dacaef9a838c4e29f5712", size = 51043, upload-time = "2023-12-10T22:30:45Z" }
wheels = [
    { url = "https://files.pythonhosted.org/packages/cc/20/ff623b09d963f88bfde16306a54e12ee5ea43e9b597108672ff3a408aad6/pathspec-0.12.1-py3-none-any.whl", hash = "sha256:a0d503e138a4c123b27490a4f7beda6a01c6f288df0e4a8b79c7eb0dc7b4cc08", size = 31191, upload-time = "2023-12-10T22:30:43.14Z" },
]

[[package]]
name = "pip"
version = "25.1.1"
source = { registry = "https://pypi.org/simple" }
sdist = { url = "https://files.pythonhosted.org/packages/59/de/241caa0ca606f2ec5fe0c1f4261b0465df78d786a38da693864a116c37f4/pip-25.1.1.tar.gz", hash = "sha256:3de45d411d308d5054c2168185d8da7f9a2cd753dbac8acbfa88a8909ecd9077", size = 1940155, upload-time = "2025-05-02T15:14:02.057Z" }
wheels = [
    { url = "https://files.pythonhosted.org/packages/29/a2/d40fb2460e883eca5199c62cfc2463fd261f760556ae6290f88488c362c0/pip-25.1.1-py3-none-any.whl", hash = "sha256:2913a38a2abf4ea6b64ab507bd9e967f3b53dc1ede74b01b0931e1ce548751af", size = 1825227, upload-time = "2025-05-02T15:13:59.102Z" },
]

[[package]]
name = "protobuf"
version = "4.25.8"
source = { registry = "https://pypi.org/simple" }
sdist = { url = "https://files.pythonhosted.org/packages/df/01/34c8d2b6354906d728703cb9d546a0e534de479e25f1b581e4094c4a85cc/protobuf-4.25.8.tar.gz", hash = "sha256:6135cf8affe1fc6f76cced2641e4ea8d3e59518d1f24ae41ba97bcad82d397cd", size = 380920, upload-time = "2025-05-28T14:22:25.153Z" }
wheels = [
    { url = "https://files.pythonhosted.org/packages/45/ff/05f34305fe6b85bbfbecbc559d423a5985605cad5eda4f47eae9e9c9c5c5/protobuf-4.25.8-cp310-abi3-win32.whl", hash = "sha256:504435d831565f7cfac9f0714440028907f1975e4bed228e58e72ecfff58a1e0", size = 392745, upload-time = "2025-05-28T14:22:10.524Z" },
    { url = "https://files.pythonhosted.org/packages/08/35/8b8a8405c564caf4ba835b1fdf554da869954712b26d8f2a98c0e434469b/protobuf-4.25.8-cp310-abi3-win_amd64.whl", hash = "sha256:bd551eb1fe1d7e92c1af1d75bdfa572eff1ab0e5bf1736716814cdccdb2360f9", size = 413736, upload-time = "2025-05-28T14:22:13.156Z" },
    { url = "https://files.pythonhosted.org/packages/28/d7/ab27049a035b258dab43445eb6ec84a26277b16105b277cbe0a7698bdc6c/protobuf-4.25.8-cp37-abi3-macosx_10_9_universal2.whl", hash = "sha256:ca809b42f4444f144f2115c4c1a747b9a404d590f18f37e9402422033e464e0f", size = 394537, upload-time = "2025-05-28T14:22:14.768Z" },
    { url = "https://files.pythonhosted.org/packages/bd/6d/a4a198b61808dd3d1ee187082ccc21499bc949d639feb948961b48be9a7e/protobuf-4.25.8-cp37-abi3-manylinux2014_aarch64.whl", hash = "sha256:9ad7ef62d92baf5a8654fbb88dac7fa5594cfa70fd3440488a5ca3bfc6d795a7", size = 294005, upload-time = "2025-05-28T14:22:16.052Z" },
    { url = "https://files.pythonhosted.org/packages/d6/c6/c9deaa6e789b6fc41b88ccbdfe7a42d2b82663248b715f55aa77fbc00724/protobuf-4.25.8-cp37-abi3-manylinux2014_x86_64.whl", hash = "sha256:83e6e54e93d2b696a92cad6e6efc924f3850f82b52e1563778dfab8b355101b0", size = 294924, upload-time = "2025-05-28T14:22:17.105Z" },
    { url = "https://files.pythonhosted.org/packages/0c/c1/6aece0ab5209981a70cd186f164c133fdba2f51e124ff92b73de7fd24d78/protobuf-4.25.8-py3-none-any.whl", hash = "sha256:15a0af558aa3b13efef102ae6e4f3efac06f1eea11afb3a57db2901447d9fb59", size = 156757, upload-time = "2025-05-28T14:22:24.135Z" },
]

[[package]]
name = "pulumi"
version = "3.186.0"
source = { registry = "https://pypi.org/simple" }
dependencies = [
    { name = "debugpy" },
    { name = "dill" },
    { name = "grpcio" },
    { name = "pip" },
    { name = "protobuf" },
    { name = "pyyaml" },
    { name = "semver" },
]
wheels = [
    { url = "https://files.pythonhosted.org/packages/b7/8f/4b37deebbc56b6ada77d6490a59d4f7ad75d9efaa63331c180bd9911b48a/pulumi-3.186.0-py3-none-any.whl", hash = "sha256:01a468e4f07383211e1153d8f96acbc131e8a107ecdae5bd4dc1dc303aaa5d27", size = 364117, upload-time = "2025-07-25T11:24:27.635Z" },
]

[[package]]
name = "pulumi-command"
version = "1.1.0"
source = { registry = "https://pypi.org/simple" }
dependencies = [
    { name = "parver" },
    { name = "pulumi" },
    { name = "semver" },
]
sdist = { url = "https://files.pythonhosted.org/packages/96/b4/03d37a61e49b636b7cd5ba72a28996f07a18d815e6ba2343f6071b77fc51/pulumi_command-1.1.0.tar.gz", hash = "sha256:509b2709938aacfb13717b7b537d728375cd90b409093bf24dacab17d9294a4a", size = 33072, upload-time = "2025-05-27T18:25:11.671Z" }
wheels = [
    { url = "https://files.pythonhosted.org/packages/99/f4/c89295ca63e2555cda4b4e16069200cf04262ac87ae263c48562f8297cc8/pulumi_command-1.1.0-py3-none-any.whl", hash = "sha256:d6a62444a1a9a26ded354b668a9cf88c0becd4faacabe4adafbc8dbb65af96c4", size = 36859, upload-time = "2025-05-27T18:25:10.401Z" },
]

[[package]]
name = "pulumi-docker"
version = "4.8.0"
source = { registry = "https://pypi.org/simple" }
dependencies = [
    { name = "parver" },
    { name = "pulumi" },
    { name = "semver" },
]
sdist = { url = "https://files.pythonhosted.org/packages/88/47/4ef6f5c2f2a53b6883c152d945bab0ee5e66ed3d295eca8b1e16aa462ca1/pulumi_docker-4.8.0.tar.gz", hash = "sha256:c2460c1d3f011a3602f46d8ef0a4fabd7cc08556a84e7c43ee31acb09d064ad7", size = 106590, upload-time = "2025-06-18T21:39:52.577Z" }
wheels = [
    { url = "https://files.pythonhosted.org/packages/7e/a7/c345d79c6f5592b41b76e31e27d08ff43fce4ba92a1040fe885065e1f4cb/pulumi_docker-4.8.0-py3-none-any.whl", hash = "sha256:75f2be3d9a646292b6d1985edcc03239cc0ab077e96a188e8423b737cf6c958f", size = 128007, upload-time = "2025-06-18T21:39:50.8Z" },
]

[[package]]
name = "pulumi-gcp"
version = "8.39.0"
source = { registry = "https://pypi.org/simple" }
dependencies = [
    { name = "parver" },
    { name = "pulumi" },
    { name = "semver" },
]
sdist = { url = "https://files.pythonhosted.org/packages/38/4e/02278edb77ff148f5e8a41641fe86d3dbd8bd8355899792124583b4937de/pulumi_gcp-8.39.0.tar.gz", hash = "sha256:47317099db4cba4cca427c8e6638811abe7307fc270a80e8159f55a4cedf4e9e", size = 8081559, upload-time = "2025-07-25T22:42:54.143Z" }
wheels = [
    { url = "https://files.pythonhosted.org/packages/39/ef/101779e703c6e21ab6449073eec09ac62e7747c57d77909567cf56c1a306/pulumi_gcp-8.39.0-py3-none-any.whl", hash = "sha256:8f6d36d2cdc7280c6204c99c9965c4f6850f771774872c912942c5e2891dd86a", size = 10142197, upload-time = "2025-07-25T22:42:50.833Z" },
]

[[package]]
name = "pyright"
version = "1.1.404"
source = { registry = "https://pypi.org/simple" }
dependencies = [
    { name = "nodeenv" },
    { name = "typing-extensions" },
]
sdist = { url = "https://files.pythonhosted.org/packages/e2/6e/026be64c43af681d5632722acd100b06d3d39f383ec382ff50a71a6d5bce/pyright-1.1.404.tar.gz", hash = "sha256:455e881a558ca6be9ecca0b30ce08aa78343ecc031d37a198ffa9a7a1abeb63e", size = 4065679, upload-time = "2025-08-20T18:46:14.029Z" }
wheels = [
    { url = "https://files.pythonhosted.org/packages/84/30/89aa7f7d7a875bbb9a577d4b1dc5a3e404e3d2ae2657354808e905e358e0/pyright-1.1.404-py3-none-any.whl", hash = "sha256:c7b7ff1fdb7219c643079e4c3e7d4125f0dafcc19d253b47e898d130ea426419", size = 5902951, upload-time = "2025-08-20T18:46:12.096Z" },
]

[[package]]
name = "pyyaml"
version = "6.0.2"
source = { registry = "https://pypi.org/simple" }
sdist = { url = "https://files.pythonhosted.org/packages/54/ed/79a089b6be93607fa5cdaedf301d7dfb23af5f25c398d5ead2525b063e17/pyyaml-6.0.2.tar.gz", hash = "sha256:d584d9ec91ad65861cc08d42e834324ef890a082e591037abe114850ff7bbc3e", size = 130631, upload-time = "2024-08-06T20:33:50.674Z" }
wheels = [
    { url = "https://files.pythonhosted.org/packages/ef/e3/3af305b830494fa85d95f6d95ef7fa73f2ee1cc8ef5b495c7c3269fb835f/PyYAML-6.0.2-cp313-cp313-macosx_10_13_x86_64.whl", hash = "sha256:efdca5630322a10774e8e98e1af481aad470dd62c3170801852d752aa7a783ba", size = 181309, upload-time = "2024-08-06T20:32:43.4Z" },
    { url = "https://files.pythonhosted.org/packages/45/9f/3b1c20a0b7a3200524eb0076cc027a970d320bd3a6592873c85c92a08731/PyYAML-6.0.2-cp313-cp313-macosx_11_0_arm64.whl", hash = "sha256:50187695423ffe49e2deacb8cd10510bc361faac997de9efef88badc3bb9e2d1", size = 171679, upload-time = "2024-08-06T20:32:44.801Z" },
    { url = "https://files.pythonhosted.org/packages/7c/9a/337322f27005c33bcb656c655fa78325b730324c78620e8328ae28b64d0c/PyYAML-6.0.2-cp313-cp313-manylinux_2_17_aarch64.manylinux2014_aarch64.whl", hash = "sha256:0ffe8360bab4910ef1b9e87fb812d8bc0a308b0d0eef8c8f44e0254ab3b07133", size = 733428, upload-time = "2024-08-06T20:32:46.432Z" },
    { url = "https://files.pythonhosted.org/packages/a3/69/864fbe19e6c18ea3cc196cbe5d392175b4cf3d5d0ac1403ec3f2d237ebb5/PyYAML-6.0.2-cp313-cp313-manylinux_2_17_s390x.manylinux2014_s390x.whl", hash = "sha256:17e311b6c678207928d649faa7cb0d7b4c26a0ba73d41e99c4fff6b6c3276484", size = 763361, upload-time = "2024-08-06T20:32:51.188Z" },
    { url = "https://files.pythonhosted.org/packages/04/24/b7721e4845c2f162d26f50521b825fb061bc0a5afcf9a386840f23ea19fa/PyYAML-6.0.2-cp313-cp313-manylinux_2_17_x86_64.manylinux2014_x86_64.whl", hash = "sha256:70b189594dbe54f75ab3a1acec5f1e3faa7e8cf2f1e08d9b561cb41b845f69d5", size = 759523, upload-time = "2024-08-06T20:32:53.019Z" },
    { url = "https://files.pythonhosted.org/packages/2b/b2/e3234f59ba06559c6ff63c4e10baea10e5e7df868092bf9ab40e5b9c56b6/PyYAML-6.0.2-cp313-cp313-musllinux_1_1_aarch64.whl", hash = "sha256:41e4e3953a79407c794916fa277a82531dd93aad34e29c2a514c2c0c5fe971cc", size = 726660, upload-time = "2024-08-06T20:32:54.708Z" },
    { url = "https://files.pythonhosted.org/packages/fe/0f/25911a9f080464c59fab9027482f822b86bf0608957a5fcc6eaac85aa515/PyYAML-6.0.2-cp313-cp313-musllinux_1_1_x86_64.whl", hash = "sha256:68ccc6023a3400877818152ad9a1033e3db8625d899c72eacb5a668902e4d652", size = 751597, upload-time = "2024-08-06T20:32:56.985Z" },
    { url = "https://files.pythonhosted.org/packages/14/0d/e2c3b43bbce3cf6bd97c840b46088a3031085179e596d4929729d8d68270/PyYAML-6.0.2-cp313-cp313-win32.whl", hash = "sha256:bc2fa7c6b47d6bc618dd7fb02ef6fdedb1090ec036abab80d4681424b84c1183", size = 140527, upload-time = "2024-08-06T20:33:03.001Z" },
    { url = "https://files.pythonhosted.org/packages/fa/de/02b54f42487e3d3c6efb3f89428677074ca7bf43aae402517bc7cca949f3/PyYAML-6.0.2-cp313-cp313-win_amd64.whl", hash = "sha256:8388ee1976c416731879ac16da0aff3f63b286ffdd57cdeb95f3f2e085687563", size = 156446, upload-time = "2024-08-06T20:33:04.33Z" },
]

[[package]]
name = "ruff"
version = "0.12.11"
source = { registry = "https://pypi.org/simple" }
sdist = { url = "https://files.pythonhosted.org/packages/de/55/16ab6a7d88d93001e1ae4c34cbdcfb376652d761799459ff27c1dc20f6fa/ruff-0.12.11.tar.gz", hash = "sha256:c6b09ae8426a65bbee5425b9d0b82796dbb07cb1af045743c79bfb163001165d", size = 5347103, upload-time = "2025-08-28T13:59:08.87Z" }
wheels = [
    { url = "https://files.pythonhosted.org/packages/d6/a2/3b3573e474de39a7a475f3fbaf36a25600bfeb238e1a90392799163b64a0/ruff-0.12.11-py3-none-linux_armv6l.whl", hash = "sha256:93fce71e1cac3a8bf9200e63a38ac5c078f3b6baebffb74ba5274fb2ab276065", size = 11979885, upload-time = "2025-08-28T13:58:26.654Z" },
    { url = "https://files.pythonhosted.org/packages/76/e4/235ad6d1785a2012d3ded2350fd9bc5c5af8c6f56820e696b0118dfe7d24/ruff-0.12.11-py3-none-macosx_10_12_x86_64.whl", hash = "sha256:b8e33ac7b28c772440afa80cebb972ffd823621ded90404f29e5ab6d1e2d4b93", size = 12742364, upload-time = "2025-08-28T13:58:30.256Z" },
    { url = "https://files.pythonhosted.org/packages/2c/0d/15b72c5fe6b1e402a543aa9d8960e0a7e19dfb079f5b0b424db48b7febab/ruff-0.12.11-py3-none-macosx_11_0_arm64.whl", hash = "sha256:d69fb9d4937aa19adb2e9f058bc4fbfe986c2040acb1a4a9747734834eaa0bfd", size = 11920111, upload-time = "2025-08-28T13:58:33.677Z" },
    { url = "https://files.pythonhosted.org/packages/3e/c0/f66339d7893798ad3e17fa5a1e587d6fd9806f7c1c062b63f8b09dda6702/ruff-0.12.11-py3-none-manylinux_2_17_aarch64.manylinux2014_aarch64.whl", hash = "sha256:411954eca8464595077a93e580e2918d0a01a19317af0a72132283e28ae21bee", size = 12160060, upload-time = "2025-08-28T13:58:35.74Z" },
    { url = "https://files.pythonhosted.org/packages/03/69/9870368326db26f20c946205fb2d0008988aea552dbaec35fbacbb46efaa/ruff-0.12.11-py3-none-manylinux_2_17_armv7l.manylinux2014_armv7l.whl", hash = "sha256:6a2c0a2e1a450f387bf2c6237c727dd22191ae8c00e448e0672d624b2bbd7fb0", size = 11799848, upload-time = "2025-08-28T13:58:38.051Z" },
    { url = "https://files.pythonhosted.org/packages/25/8c/dd2c7f990e9b3a8a55eee09d4e675027d31727ce33cdb29eab32d025bdc9/ruff-0.12.11-py3-none-manylinux_2_17_i686.manylinux2014_i686.whl", hash = "sha256:8ca4c3a7f937725fd2413c0e884b5248a19369ab9bdd850b5781348ba283f644", size = 13536288, upload-time = "2025-08-28T13:58:40.046Z" },
    { url = "https://files.pythonhosted.org/packages/7a/30/d5496fa09aba59b5e01ea76775a4c8897b13055884f56f1c35a4194c2297/ruff-0.12.11-py3-none-manylinux_2_17_ppc64.manylinux2014_ppc64.whl", hash = "sha256:4d1df0098124006f6a66ecf3581a7f7e754c4df7644b2e6704cd7ca80ff95211", size = 14490633, upload-time = "2025-08-28T13:58:42.285Z" },
    { url = "https://files.pythonhosted.org/packages/9b/2f/81f998180ad53445d403c386549d6946d0748e536d58fce5b5e173511183/ruff-0.12.11-py3-none-manylinux_2_17_ppc64le.manylinux2014_ppc64le.whl", hash = "sha256:5a8dd5f230efc99a24ace3b77e3555d3fbc0343aeed3fc84c8d89e75ab2ff793", size = 13888430, upload-time = "2025-08-28T13:58:44.641Z" },
    { url = "https://files.pythonhosted.org/packages/87/71/23a0d1d5892a377478c61dbbcffe82a3476b050f38b5162171942a029ef3/ruff-0.12.11-py3-none-manylinux_2_17_s390x.manylinux2014_s390x.whl", hash = "sha256:4dc75533039d0ed04cd33fb8ca9ac9620b99672fe7ff1533b6402206901c34ee", size = 12913133, upload-time = "2025-08-28T13:58:47.039Z" },
    { url = "https://files.pythonhosted.org/packages/80/22/3c6cef96627f89b344c933781ed38329bfb87737aa438f15da95907cbfd5/ruff-0.12.11-py3-none-manylinux_2_17_x86_64.manylinux2014_x86_64.whl", hash = "sha256:4fc58f9266d62c6eccc75261a665f26b4ef64840887fc6cbc552ce5b29f96cc8", size = 13169082, upload-time = "2025-08-28T13:58:49.157Z" },
    { url = "https://files.pythonhosted.org/packages/05/b5/68b3ff96160d8b49e8dd10785ff3186be18fd650d356036a3770386e6c7f/ruff-0.12.11-py3-none-manylinux_2_31_riscv64.whl", hash = "sha256:5a0113bd6eafd545146440225fe60b4e9489f59eb5f5f107acd715ba5f0b3d2f", size = 13139490, upload-time = "2025-08-28T13:58:51.593Z" },
    { url = "https://files.pythonhosted.org/packages/59/b9/050a3278ecd558f74f7ee016fbdf10591d50119df8d5f5da45a22c6afafc/ruff-0.12.11-py3-none-musllinux_1_2_aarch64.whl", hash = "sha256:0d737b4059d66295c3ea5720e6efc152623bb83fde5444209b69cd33a53e2000", size = 11958928, upload-time = "2025-08-28T13:58:53.943Z" },
    { url = "https://files.pythonhosted.org/packages/f9/bc/93be37347db854806904a43b0493af8d6873472dfb4b4b8cbb27786eb651/ruff-0.12.11-py3-none-musllinux_1_2_armv7l.whl", hash = "sha256:916fc5defee32dbc1fc1650b576a8fed68f5e8256e2180d4d9855aea43d6aab2", size = 11764513, upload-time = "2025-08-28T13:58:55.976Z" },
    { url = "https://files.pythonhosted.org/packages/7a/a1/1471751e2015a81fd8e166cd311456c11df74c7e8769d4aabfbc7584c7ac/ruff-0.12.11-py3-none-musllinux_1_2_i686.whl", hash = "sha256:c984f07d7adb42d3ded5be894fb4007f30f82c87559438b4879fe7aa08c62b39", size = 12745154, upload-time = "2025-08-28T13:58:58.16Z" },
    { url = "https://files.pythonhosted.org/packages/68/ab/2542b14890d0f4872dd81b7b2a6aed3ac1786fae1ce9b17e11e6df9e31e3/ruff-0.12.11-py3-none-musllinux_1_2_x86_64.whl", hash = "sha256:e07fbb89f2e9249f219d88331c833860489b49cdf4b032b8e4432e9b13e8a4b9", size = 13227653, upload-time = "2025-08-28T13:59:00.276Z" },
    { url = "https://files.pythonhosted.org/packages/22/16/2fbfc61047dbfd009c58a28369a693a1484ad15441723be1cd7fe69bb679/ruff-0.12.11-py3-none-win32.whl", hash = "sha256:c792e8f597c9c756e9bcd4d87cf407a00b60af77078c96f7b6366ea2ce9ba9d3", size = 11944270, upload-time = "2025-08-28T13:59:02.347Z" },
    { url = "https://files.pythonhosted.org/packages/08/a5/34276984705bfe069cd383101c45077ee029c3fe3b28225bf67aa35f0647/ruff-0.12.11-py3-none-win_amd64.whl", hash = "sha256:a3283325960307915b6deb3576b96919ee89432ebd9c48771ca12ee8afe4a0fd", size = 13046600, upload-time = "2025-08-28T13:59:04.751Z" },
    { url = "https://files.pythonhosted.org/packages/84/a8/001d4a7c2b37623a3fd7463208267fb906df40ff31db496157549cfd6e72/ruff-0.12.11-py3-none-win_arm64.whl", hash = "sha256:bae4d6e6a2676f8fb0f98b74594a048bae1b944aab17e9f5d504062303c6dbea", size = 12135290, upload-time = "2025-08-28T13:59:06.933Z" },
]

[[package]]
name = "scantree"
version = "0.0.4"
source = { registry = "https://pypi.org/simple" }
dependencies = [
    { name = "attrs" },
    { name = "pathspec" },
]
sdist = { url = "https://files.pythonhosted.org/packages/b3/e4/40998faefc72ba1ddeb640a44fba92935353525dba110488806da8339c0b/scantree-0.0.4.tar.gz", hash = "sha256:15bd5cb24483b04db2c70653604e8ea3522e98087db7e38ab8482f053984c0ac", size = 24643, upload-time = "2024-08-03T20:08:59.413Z" }
wheels = [
    { url = "https://files.pythonhosted.org/packages/93/ce/828467ddfa0d2fe473673026442d2032d552a168e42cfbf25fd0e5264e0c/scantree-0.0.4-py3-none-any.whl", hash = "sha256:7616ab65aa6b7f16fcf8e6fa1d9afaa99a27ab72bba05c61b691853b96763174", size = 20690, upload-time = "2024-08-03T20:08:58.137Z" },
]

[[package]]
name = "semver"
version = "3.0.4"
source = { registry = "https://pypi.org/simple" }
sdist = { url = "https://files.pythonhosted.org/packages/72/d1/d3159231aec234a59dd7d601e9dd9fe96f3afff15efd33c1070019b26132/semver-3.0.4.tar.gz", hash = "sha256:afc7d8c584a5ed0a11033af086e8af226a9c0b206f313e0301f8dd7b6b589602", size = 269730, upload-time = "2025-01-24T13:19:27.617Z" }
wheels = [
    { url = "https://files.pythonhosted.org/packages/a6/24/4d91e05817e92e3a61c8a21e08fd0f390f5301f1c448b137c57c4bc6e543/semver-3.0.4-py3-none-any.whl", hash = "sha256:9c824d87ba7f7ab4a1890799cec8596f15c1241cb473404ea1cb0c55e4b04746", size = 17912, upload-time = "2025-01-24T13:19:24.949Z" },
]

[[package]]
name = "typing-extensions"
version = "4.14.1"
source = { registry = "https://pypi.org/simple" }
sdist = { url = "https://files.pythonhosted.org/packages/98/5a/da40306b885cc8c09109dc2e1abd358d5684b1425678151cdaed4731c822/typing_extensions-4.14.1.tar.gz", hash = "sha256:38b39f4aeeab64884ce9f74c94263ef78f3c22467c8724005483154c26648d36", size = 107673, upload-time = "2025-07-04T13:28:34.16Z" }
wheels = [
    { url = "https://files.pythonhosted.org/packages/b5/00/d631e67a838026495268c2f6884f3711a15a9a2a96cd244fdaea53b823fb/typing_extensions-4.14.1-py3-none-any.whl", hash = "sha256:d1e1e3b58374dc93031d6eda2420a48ea44a36c2b4766a4fdeb3710755731d76", size = 43906, upload-time = "2025-07-04T13:28:32.743Z" },
]
